
Microsoft Visual Studio Solution File, Format Version 12.00
# Visual Studio Version 16
VisualStudioVersion = 16.0.29123.88
MinimumVisualStudioVersion = 10.0.40219.1
Project("{FAE04EC0-301F-11D3-BF4B-00C04F79EFBC}") = "Arma 3 Dev Deploy", "Arma 3 Dev Deploy.csproj", "{ECAFE28F-8F04-4D59-90A1-6E64F032BA6C}"
EndProject
Global
	GlobalSection(SolutionConfigurationPlatforms) = preSolution
		Debug (Quiet)|Any CPU = Debug (Quiet)|Any CPU
		Debug|Any CPU = Debug|Any CPU
		Release|Any CPU = Release|Any CPU
	EndGlobalSection
	GlobalSection(ProjectConfigurationPlatforms) = postSolution
		{ECAFE28F-8F04-4D59-90A1-6E64F032BA6C}.Debug (Quiet)|Any CPU.ActiveCfg = Debug (Quiet)|Any CPU
		{ECAFE28F-8F04-4D59-90A1-6E64F032BA6C}.Debug (Quiet)|Any CPU.Build.0 = Debug (Quiet)|Any CPU
		{ECAFE28F-8F04-4D59-90A1-6E64F032BA6C}.Debug|Any CPU.ActiveCfg = Debug|Any CPU
		{ECAFE28F-8F04-4D59-90A1-6E64F032BA6C}.Debug|Any CPU.Build.0 = Debug|Any CPU
		{ECAFE28F-8F04-4D59-90A1-6E64F032BA6C}.Release|Any CPU.ActiveCfg = Release|Any CPU
		{ECAFE28F-8F04-4D59-90A1-6E64F032BA6C}.Release|Any CPU.Build.0 = Release|Any CPU
	EndGlobalSection
	GlobalSection(SolutionProperties) = preSolution
		HideSolutionNode = FALSE
	EndGlobalSection
	GlobalSection(ExtensibilityGlobals) = postSolution
		SolutionGuid = {A8E93422-F362-4C15-A404-9AD6A0009A6D}
	EndGlobalSection
EndGlobal
