
Microsoft Visual Studio Solution File, Format Version 12.00
# Visual Studio Version 16
VisualStudioVersion = 16.0.29123.88
MinimumVisualStudioVersion = 10.0.40219.1
Project("{FAE04EC0-301F-11D3-BF4B-00C04F79EFBC}") = "Antistasi Dev Deploy", "Antistasi Dev Deploy.csproj", "{9936A835-0899-4319-9A74-A575A66D8D82}"
EndProject
Project("{FAE04EC0-301F-11D3-BF4B-00C04F79EFBC}") = "Antistasi Dev Deploy Configurator", "..\Antistasi Dev Deploy Configurator\Antistasi Dev Deploy Configurator.csproj", "{718DF2C1-74BE-469D-9C46-D3E3CD1AC342}"
EndProject
Project("{D954291E-2A0B-460D-934E-DC6B0785DB48}") = "Antistasi Dev Deploy Shared", "..\Antistasi Dev Deploy Shared\Antistasi Dev Deploy Shared.shproj", "{F5E57B9D-1491-4339-9CB3-F09648824639}"
EndProject
Global
	GlobalSection(SharedMSBuildProjectFiles) = preSolution
		..\Antistasi Dev Deploy Shared\Antistasi Dev Deploy Shared.projitems*{718df2c1-74be-469d-9c46-d3e3cd1ac342}*SharedItemsImports = 4
		..\Antistasi Dev Deploy Shared\Antistasi Dev Deploy Shared.projitems*{9936a835-0899-4319-9a74-a575a66d8d82}*SharedItemsImports = 4
		..\Antistasi Dev Deploy Shared\Antistasi Dev Deploy Shared.projitems*{f5e57b9d-1491-4339-9cb3-f09648824639}*SharedItemsImports = 13
	EndGlobalSection
	GlobalSection(SolutionConfigurationPlatforms) = preSolution
		Debug|Any CPU = Debug|Any CPU
		Debug|x86 = Debug|x86
		Release|Any CPU = Release|Any CPU
		Release|x86 = Release|x86
	EndGlobalSection
	GlobalSection(ProjectConfigurationPlatforms) = postSolution
		{9936A835-0899-4319-9A74-A575A66D8D82}.Debug|Any CPU.ActiveCfg = Debug|Any CPU
		{9936A835-0899-4319-9A74-A575A66D8D82}.Debug|Any CPU.Build.0 = Debug|Any CPU
		{9936A835-0899-4319-9A74-A575A66D8D82}.Debug|x86.ActiveCfg = Debug|x86
		{9936A835-0899-4319-9A74-A575A66D8D82}.Debug|x86.Build.0 = Debug|x86
		{9936A835-0899-4319-9A74-A575A66D8D82}.Release|Any CPU.ActiveCfg = Release|Any CPU
		{9936A835-0899-4319-9A74-A575A66D8D82}.Release|Any CPU.Build.0 = Release|Any CPU
		{9936A835-0899-4319-9A74-A575A66D8D82}.Release|x86.ActiveCfg = Release|x86
		{9936A835-0899-4319-9A74-A575A66D8D82}.Release|x86.Build.0 = Release|x86
		{718DF2C1-74BE-469D-9C46-D3E3CD1AC342}.Debug|Any CPU.ActiveCfg = Debug|Any CPU
		{718DF2C1-74BE-469D-9C46-D3E3CD1AC342}.Debug|Any CPU.Build.0 = Debug|Any CPU
		{718DF2C1-74BE-469D-9C46-D3E3CD1AC342}.Debug|x86.ActiveCfg = Debug|Any CPU
		{718DF2C1-74BE-469D-9C46-D3E3CD1AC342}.Debug|x86.Build.0 = Debug|Any CPU
		{718DF2C1-74BE-469D-9C46-D3E3CD1AC342}.Release|Any CPU.ActiveCfg = Release|Any CPU
		{718DF2C1-74BE-469D-9C46-D3E3CD1AC342}.Release|Any CPU.Build.0 = Release|Any CPU
		{718DF2C1-74BE-469D-9C46-D3E3CD1AC342}.Release|x86.ActiveCfg = Release|Any CPU
		{718DF2C1-74BE-469D-9C46-D3E3CD1AC342}.Release|x86.Build.0 = Release|Any CPU
	EndGlobalSection
	GlobalSection(SolutionProperties) = preSolution
		HideSolutionNode = FALSE
	EndGlobalSection
	GlobalSection(ExtensibilityGlobals) = postSolution
		SolutionGuid = {B4D60AAF-41F6-46E6-88DD-42A8B07298F5}
	EndGlobalSection
EndGlobal
